
Microsoft Visual Studio Solution File, Format Version 12.00
# Visual Studio Version 17
VisualStudioVersion = 17.0.32014.148
MinimumVisualStudioVersion = 10.0.40219.1
Project("{FAE04EC0-301F-11D3-BF4B-00C04F79EFBC}") = "WindowsFormsApp3Last", "WindowsFormsApp3Last\WindowsFormsApp3Last.csproj", "{964F4B7E-EDA0-4799-8CF9-40C8D03BA020}"
EndProject
Global
	GlobalSection(SolutionConfigurationPlatforms) = preSolution
		Debug|Any CPU = Debug|Any CPU
		Release|Any CPU = Release|Any CPU
	EndGlobalSection
	GlobalSection(ProjectConfigurationPlatforms) = postSolution
		{964F4B7E-EDA0-4799-8CF9-40C8D03BA020}.Debug|Any CPU.ActiveCfg = Debug|Any CPU
		{964F4B7E-EDA0-4799-8CF9-40C8D03BA020}.Debug|Any CPU.Build.0 = Debug|Any CPU
		{964F4B7E-EDA0-4799-8CF9-40C8D03BA020}.Release|Any CPU.ActiveCfg = Release|Any CPU
		{964F4B7E-EDA0-4799-8CF9-40C8D03BA020}.Release|Any CPU.Build.0 = Release|Any CPU
	EndGlobalSection
	GlobalSection(SolutionProperties) = preSolution
		HideSolutionNode = FALSE
	EndGlobalSection
	GlobalSection(ExtensibilityGlobals) = postSolution
		SolutionGuid = {E88B9527-2296-4CB0-8E54-0F569EAC8E03}
	EndGlobalSection
EndGlobal
